Microsoft Visual Studio Solution File, Format Version 12.00
# Visual Studio Version 17
VisualStudioVersion = 17.5.2.0
MinimumVisualStudioVersion = 10.0.40219.1
Project("{FAE04EC0-301F-11D3-BF4B-00C04F79EFBC}") = "fcb-thermo-app", "fcb-thermo-app.csproj", "{E5700F7A-A8C0-74EC-102B-FA86C7798EBD}"
EndProject
Global
	GlobalSection(SolutionConfigurationPlatforms) = preSolution
		Debug|Any CPU = Debug|Any CPU
		Release|Any CPU = Release|Any CPU
	EndGlobalSection
	GlobalSection(ProjectConfigurationPlatforms) = postSolution
		{E5700F7A-A8C0-74EC-102B-FA86C7798EBD}.Debug|Any CPU.ActiveCfg = Debug|Any CPU
		{E5700F7A-A8C0-74EC-102B-FA86C7798EBD}.Debug|Any CPU.Build.0 = Debug|Any CPU
		{E5700F7A-A8C0-74EC-102B-FA86C7798EBD}.Release|Any CPU.ActiveCfg = Release|Any CPU
		{E5700F7A-A8C0-74EC-102B-FA86C7798EBD}.Release|Any CPU.Build.0 = Release|Any CPU
	EndGlobalSection
	GlobalSection(SolutionProperties) = preSolution
		HideSolutionNode = FALSE
	EndGlobalSection
	GlobalSection(ExtensibilityGlobals) = postSolution
		SolutionGuid = {DF720C8F-9D47-4639-AB82-BCAD2BE30EA9}
	EndGlobalSection
EndGlobal
